{
  "version": "1.0.0",
  "lockfileVersion": 1,
  "requires": true,
  "dependencies": {
    "@alicloud/mpserverless-sdk": {
      "version": "2.3.2",
      "resolved": "https://registry.npm.taobao.org/@alicloud/mpserverless-sdk/download/@alicloud/mpserverless-sdk-2.3.2.tgz",
      "integrity": "sha1-qx+SdfWnZpN3aWhUI1iezmEdoEw="
    },
    "lodash-es": {
      "version": "4.17.15",
      "resolved": "https://registry.npm.taobao.org/lodash-es/download/lodash-es-4.17.15.tgz",
      "integrity": "sha1-Ib2Wg5NUQS8j16EDQOXqxu5FXXg="
    },
    "mini-ali-ui": {
      "version": "1.1.7",
      "resolved": "https://registry.npm.taobao.org/mini-ali-ui/download/mini-ali-ui-1.1.7.tgz",
      "integrity": "sha1-hUXgmCjCGN5cSuX7yy+rvb01Vac="
    }
  }
}
